
Microsoft Visual Studio Solution File, Format Version 12.00
# Visual Studio Version 16
VisualStudioVersion = 16.0.28803.352
MinimumVisualStudioVersion = 10.0.40219.1
Project("{FAE04EC0-301F-11D3-BF4B-00C04F79EFBC}") = "UtilityModel", "UtilityModel\UtilityModel.csproj", "{976DCA21-045B-4C5C-81AC-AB170F080099}"
EndProject
Global
	GlobalSection(SolutionConfigurationPlatforms) = preSolution
		Debug|Any CPU = Debug|Any CPU
		Release|Any CPU = Release|Any CPU
	EndGlobalSection
	GlobalSection(ProjectConfigurationPlatforms) = postSolution
		{976DCA21-045B-4C5C-81AC-AB170F080099}.Debug|Any CPU.ActiveCfg = Debug|Any CPU
		{976DCA21-045B-4C5C-81AC-AB170F080099}.Debug|Any CPU.Build.0 = Debug|Any CPU
		{976DCA21-045B-4C5C-81AC-AB170F080099}.Release|Any CPU.ActiveCfg = Release|Any CPU
		{976DCA21-045B-4C5C-81AC-AB170F080099}.Release|Any CPU.Build.0 = Release|Any CPU
	EndGlobalSection
	GlobalSection(SolutionProperties) = preSolution
		HideSolutionNode = FALSE
	EndGlobalSection
	GlobalSection(ExtensibilityGlobals) = postSolution
		SolutionGuid = {DC550697-0D20-49D4-8356-AA786391E392}
	EndGlobalSection
EndGlobal
